
Microsoft Visual Studio Solution File, Format Version 12.00
# Visual Studio 15
VisualStudioVersion = 15.0.27130.2036
MinimumVisualStudioVersion = 10.0.40219.1
Project("{FAE04EC0-301F-11D3-BF4B-00C04F79EFBC}") = "SalesSystem", "SalesSystem.csproj", "{640A48AB-1CF2-4EB3-9BD8-96A6FEA11CAA}"
EndProject
Project("{FAE04EC0-301F-11D3-BF4B-00C04F79EFBC}") = "ConsoleForManager", "..\ConsoleForManager\ConsoleForManager.csproj", "{B2086671-B797-4B27-B881-623E2EAC3465}"
EndProject
Project("{FAE04EC0-301F-11D3-BF4B-00C04F79EFBC}") = "ServiceSalesWatcher", "ServiceSalesWatcher\ServiceSalesWatcher.csproj", "{F9ABFB80-BDF9-4B7C-BD4F-1D6E2F414DD5}"
EndProject
Global
	GlobalSection(SolutionConfigurationPlatforms) = preSolution
		Debug|Any CPU = Debug|Any CPU
		Release|Any CPU = Release|Any CPU
	EndGlobalSection
	GlobalSection(ProjectConfigurationPlatforms) = postSolution
		{640A48AB-1CF2-4EB3-9BD8-96A6FEA11CAA}.Debug|Any CPU.ActiveCfg = Debug|Any CPU
		{640A48AB-1CF2-4EB3-9BD8-96A6FEA11CAA}.Debug|Any CPU.Build.0 = Debug|Any CPU
		{640A48AB-1CF2-4EB3-9BD8-96A6FEA11CAA}.Release|Any CPU.ActiveCfg = Release|Any CPU
		{640A48AB-1CF2-4EB3-9BD8-96A6FEA11CAA}.Release|Any CPU.Build.0 = Release|Any CPU
		{B2086671-B797-4B27-B881-623E2EAC3465}.Debug|Any CPU.ActiveCfg = Debug|Any CPU
		{B2086671-B797-4B27-B881-623E2EAC3465}.Debug|Any CPU.Build.0 = Debug|Any CPU
		{B2086671-B797-4B27-B881-623E2EAC3465}.Release|Any CPU.ActiveCfg = Release|Any CPU
		{B2086671-B797-4B27-B881-623E2EAC3465}.Release|Any CPU.Build.0 = Release|Any CPU
		{F9ABFB80-BDF9-4B7C-BD4F-1D6E2F414DD5}.Debug|Any CPU.ActiveCfg = Debug|Any CPU
		{F9ABFB80-BDF9-4B7C-BD4F-1D6E2F414DD5}.Debug|Any CPU.Build.0 = Debug|Any CPU
		{F9ABFB80-BDF9-4B7C-BD4F-1D6E2F414DD5}.Release|Any CPU.ActiveCfg = Release|Any CPU
		{F9ABFB80-BDF9-4B7C-BD4F-1D6E2F414DD5}.Release|Any CPU.Build.0 = Release|Any CPU
	EndGlobalSection
	GlobalSection(SolutionProperties) = preSolution
		HideSolutionNode = FALSE
	EndGlobalSection
	GlobalSection(ExtensibilityGlobals) = postSolution
		SolutionGuid = {F6AD614C-6C20-4797-8C28-F0B547FBDC73}
	EndGlobalSection
EndGlobal
