
Microsoft Visual Studio Solution File, Format Version 12.00
# Visual Studio 15
VisualStudioVersion = 15.0.27130.2036
MinimumVisualStudioVersion = 10.0.40219.1
Project("{FAE04EC0-301F-11D3-BF4B-00C04F79EFBC}") = "SalesSystemMVC", "SalesSystemMVC\SalesSystemMVC.csproj", "{12D6A1E1-84FC-4686-B8C9-8CC5F5CFBCD7}"
EndProject
Project("{FAE04EC0-301F-11D3-BF4B-00C04F79EFBC}") = "SalesSystem", "SalesSystem\SalesSystem.csproj", "{640A48AB-1CF2-4EB3-9BD8-96A6FEA11CAA}"
EndProject
Global
	GlobalSection(SolutionConfigurationPlatforms) = preSolution
		Debug|Any CPU = Debug|Any CPU
		Release|Any CPU = Release|Any CPU
	EndGlobalSection
	GlobalSection(ProjectConfigurationPlatforms) = postSolution
		{12D6A1E1-84FC-4686-B8C9-8CC5F5CFBCD7}.Debug|Any CPU.ActiveCfg = Debug|Any CPU
		{12D6A1E1-84FC-4686-B8C9-8CC5F5CFBCD7}.Debug|Any CPU.Build.0 = Debug|Any CPU
		{12D6A1E1-84FC-4686-B8C9-8CC5F5CFBCD7}.Release|Any CPU.ActiveCfg = Release|Any CPU
		{12D6A1E1-84FC-4686-B8C9-8CC5F5CFBCD7}.Release|Any CPU.Build.0 = Release|Any CPU
		{640A48AB-1CF2-4EB3-9BD8-96A6FEA11CAA}.Debug|Any CPU.ActiveCfg = Debug|Any CPU
		{640A48AB-1CF2-4EB3-9BD8-96A6FEA11CAA}.Debug|Any CPU.Build.0 = Debug|Any CPU
		{640A48AB-1CF2-4EB3-9BD8-96A6FEA11CAA}.Release|Any CPU.ActiveCfg = Release|Any CPU
		{640A48AB-1CF2-4EB3-9BD8-96A6FEA11CAA}.Release|Any CPU.Build.0 = Release|Any CPU
	EndGlobalSection
	GlobalSection(SolutionProperties) = preSolution
		HideSolutionNode = FALSE
	EndGlobalSection
	GlobalSection(ExtensibilityGlobals) = postSolution
		SolutionGuid = {5DE7FB0C-FB04-40BE-972A-FE6636ADA5DA}
	EndGlobalSection
EndGlobal
