
Microsoft Visual Studio Solution File, Format Version 12.00
# Visual Studio 15
VisualStudioVersion = 15.0.27130.2036
MinimumVisualStudioVersion = 10.0.40219.1
Project("{FAE04EC0-301F-11D3-BF4B-00C04F79EFBC}") = "SaleSystem.Web.MVC", "SaleSystem.Web.MVC\SaleSystem.Web.MVC.csproj", "{5D58F6B1-B7E5-4E89-9591-DE923E2FC10F}"
EndProject
Global
	GlobalSection(SolutionConfigurationPlatforms) = preSolution
		Debug|Any CPU = Debug|Any CPU
		Release|Any CPU = Release|Any CPU
	EndGlobalSection
	GlobalSection(ProjectConfigurationPlatforms) = postSolution
		{5D58F6B1-B7E5-4E89-9591-DE923E2FC10F}.Debug|Any CPU.ActiveCfg = Debug|Any CPU
		{5D58F6B1-B7E5-4E89-9591-DE923E2FC10F}.Debug|Any CPU.Build.0 = Debug|Any CPU
		{5D58F6B1-B7E5-4E89-9591-DE923E2FC10F}.Release|Any CPU.ActiveCfg = Release|Any CPU
		{5D58F6B1-B7E5-4E89-9591-DE923E2FC10F}.Release|Any CPU.Build.0 = Release|Any CPU
	EndGlobalSection
	GlobalSection(SolutionProperties) = preSolution
		HideSolutionNode = FALSE
	EndGlobalSection
	GlobalSection(ExtensibilityGlobals) = postSolution
		SolutionGuid = {94441763-C9E8-4F33-B72D-B7DA15D41901}
	EndGlobalSection
EndGlobal
